
Microsoft Visual Studio Solution File, Format Version 11.00
# Visual C# Express 2010
Project("{FAE04EC0-301F-11D3-BF4B-00C04F79EFBC}") = "WindowsGame1", "WindowsGame1\WindowsGame1\WindowsGame1.csproj", "{DE409852-59EC-47F8-B80A-57F5E2D172C1}"
EndProject
Project("{96E2B04D-8817-42C6-938A-82C39BA4D311}") = "WindowsGame1Content", "WindowsGame1\WindowsGame1Content\WindowsGame1Content.contentproj", "{40EF55EE-6460-4FBD-A896-2B1BB36167A6}"
EndProject
Global
	GlobalSection(SolutionConfigurationPlatforms) = preSolution
		Debug|x86 = Debug|x86
		Release|x86 = Release|x86
	EndGlobalSection
	GlobalSection(ProjectConfigurationPlatforms) = postSolution
		{DE409852-59EC-47F8-B80A-57F5E2D172C1}.Debug|x86.ActiveCfg = Debug|x86
		{DE409852-59EC-47F8-B80A-57F5E2D172C1}.Debug|x86.Build.0 = Debug|x86
		{DE409852-59EC-47F8-B80A-57F5E2D172C1}.Release|x86.ActiveCfg = Release|x86
		{DE409852-59EC-47F8-B80A-57F5E2D172C1}.Release|x86.Build.0 = Release|x86
		{40EF55EE-6460-4FBD-A896-2B1BB36167A6}.Debug|x86.ActiveCfg = Debug|x86
		{40EF55EE-6460-4FBD-A896-2B1BB36167A6}.Release|x86.ActiveCfg = Release|x86
	EndGlobalSection
	GlobalSection(SolutionProperties) = preSolution
		HideSolutionNode = FALSE
	EndGlobalSection
EndGlobal
